
Microsoft Visual Studio Solution File, Format Version 12.00
# Visual Studio Version 16
VisualStudioVersion = 16.0.31702.278
MinimumVisualStudioVersion = 10.0.40219.1
Project("{9A19103F-16F7-4668-BE54-9A1E7A4F7556}") = "Domain", "Domain\Domain.csproj", "{5C7BB46F-B134-4FAA-9F1C-E0EAF9D5EC42}"
EndProject
Project("{9A19103F-16F7-4668-BE54-9A1E7A4F7556}") = "Inventory.Desktop", "Inventory.Desktop\Inventory.Desktop.csproj", "{FB428F42-01D6-42D8-977D-0274D43BC839}"
EndProject
Project("{2150E333-8FDC-42A3-9474-1A3956D46DE8}") = "Src", "Src", "{3A41A872-CFDE-404D-848B-7CD5867D0DDD}"
EndProject
Project("{2150E333-8FDC-42A3-9474-1A3956D46DE8}") = "Tests", "Tests", "{3D26CB08-2F83-45A4-ABA8-334AA6DCED1A}"
EndProject
Project("{FAE04EC0-301F-11D3-BF4B-00C04F79EFBC}") = "Inventory.Remote", "Inventory.Remote\Inventory.Remote.csproj", "{DED4093F-61B5-4754-9CBB-4B4472178972}"
EndProject
Project("{FAE04EC0-301F-11D3-BF4B-00C04F79EFBC}") = "Application.Core", "Application.Core\Application.Core.csproj", "{FB29CE20-8C3D-463D-9E86-3EE482348029}"
EndProject
Project("{FAE04EC0-301F-11D3-BF4B-00C04F79EFBC}") = "Infrastructure", "Infrastructure\Infrastructure.csproj", "{94EF70DC-1E99-4C0A-A395-A26C403FF92D}"
EndProject
Project("{FAE04EC0-301F-11D3-BF4B-00C04F79EFBC}") = "Application.Tests", "Application.Tests\Application.Tests.csproj", "{A94B6D15-4219-43A5-87B6-AFB8FCBADF14}"
EndProject
Project("{FAE04EC0-301F-11D3-BF4B-00C04F79EFBC}") = "Infrastructure.Tests", "Infrastructure.Tests\Infrastructure.Tests.csproj", "{0EA03A2B-E1CB-4381-B97F-AB602EC3633C}"
EndProject
Project("{FAE04EC0-301F-11D3-BF4B-00C04F79EFBC}") = "Application.WPF", "Application.WPF\Application.WPF.csproj", "{596B5972-15A1-436E-A72E-8F4A91D756D8}"
EndProject
Global
	GlobalSection(SolutionConfigurationPlatforms) = preSolution
		Debug|Any CPU = Debug|Any CPU
		Release|Any CPU = Release|Any CPU
	EndGlobalSection
	GlobalSection(ProjectConfigurationPlatforms) = postSolution
		{5C7BB46F-B134-4FAA-9F1C-E0EAF9D5EC42}.Debug|Any CPU.ActiveCfg = Debug|Any CPU
		{5C7BB46F-B134-4FAA-9F1C-E0EAF9D5EC42}.Debug|Any CPU.Build.0 = Debug|Any CPU
		{5C7BB46F-B134-4FAA-9F1C-E0EAF9D5EC42}.Release|Any CPU.ActiveCfg = Release|Any CPU
		{5C7BB46F-B134-4FAA-9F1C-E0EAF9D5EC42}.Release|Any CPU.Build.0 = Release|Any CPU
		{FB428F42-01D6-42D8-977D-0274D43BC839}.Debug|Any CPU.ActiveCfg = Debug|Any CPU
		{FB428F42-01D6-42D8-977D-0274D43BC839}.Debug|Any CPU.Build.0 = Debug|Any CPU
		{FB428F42-01D6-42D8-977D-0274D43BC839}.Release|Any CPU.ActiveCfg = Release|Any CPU
		{FB428F42-01D6-42D8-977D-0274D43BC839}.Release|Any CPU.Build.0 = Release|Any CPU
		{DED4093F-61B5-4754-9CBB-4B4472178972}.Debug|Any CPU.ActiveCfg = Debug|Any CPU
		{DED4093F-61B5-4754-9CBB-4B4472178972}.Debug|Any CPU.Build.0 = Debug|Any CPU
		{DED4093F-61B5-4754-9CBB-4B4472178972}.Release|Any CPU.ActiveCfg = Release|Any CPU
		{DED4093F-61B5-4754-9CBB-4B4472178972}.Release|Any CPU.Build.0 = Release|Any CPU
		{FB29CE20-8C3D-463D-9E86-3EE482348029}.Debug|Any CPU.ActiveCfg = Debug|Any CPU
		{FB29CE20-8C3D-463D-9E86-3EE482348029}.Debug|Any CPU.Build.0 = Debug|Any CPU
		{FB29CE20-8C3D-463D-9E86-3EE482348029}.Release|Any CPU.ActiveCfg = Release|Any CPU
		{FB29CE20-8C3D-463D-9E86-3EE482348029}.Release|Any CPU.Build.0 = Release|Any CPU
		{94EF70DC-1E99-4C0A-A395-A26C403FF92D}.Debug|Any CPU.ActiveCfg = Debug|Any CPU
		{94EF70DC-1E99-4C0A-A395-A26C403FF92D}.Debug|Any CPU.Build.0 = Debug|Any CPU
		{94EF70DC-1E99-4C0A-A395-A26C403FF92D}.Release|Any CPU.ActiveCfg = Release|Any CPU
		{94EF70DC-1E99-4C0A-A395-A26C403FF92D}.Release|Any CPU.Build.0 = Release|Any CPU
		{A94B6D15-4219-43A5-87B6-AFB8FCBADF14}.Debug|Any CPU.ActiveCfg = Debug|Any CPU
		{A94B6D15-4219-43A5-87B6-AFB8FCBADF14}.Debug|Any CPU.Build.0 = Debug|Any CPU
		{A94B6D15-4219-43A5-87B6-AFB8FCBADF14}.Release|Any CPU.ActiveCfg = Release|Any CPU
		{A94B6D15-4219-43A5-87B6-AFB8FCBADF14}.Release|Any CPU.Build.0 = Release|Any CPU
		{0EA03A2B-E1CB-4381-B97F-AB602EC3633C}.Debug|Any CPU.ActiveCfg = Debug|Any CPU
		{0EA03A2B-E1CB-4381-B97F-AB602EC3633C}.Debug|Any CPU.Build.0 = Debug|Any CPU
		{0EA03A2B-E1CB-4381-B97F-AB602EC3633C}.Release|Any CPU.ActiveCfg = Release|Any CPU
		{0EA03A2B-E1CB-4381-B97F-AB602EC3633C}.Release|Any CPU.Build.0 = Release|Any CPU
		{596B5972-15A1-436E-A72E-8F4A91D756D8}.Debug|Any CPU.ActiveCfg = Debug|Any CPU
		{596B5972-15A1-436E-A72E-8F4A91D756D8}.Debug|Any CPU.Build.0 = Debug|Any CPU
		{596B5972-15A1-436E-A72E-8F4A91D756D8}.Release|Any CPU.ActiveCfg = Release|Any CPU
		{596B5972-15A1-436E-A72E-8F4A91D756D8}.Release|Any CPU.Build.0 = Release|Any CPU
	EndGlobalSection
	GlobalSection(SolutionProperties) = preSolution
		HideSolutionNode = FALSE
	EndGlobalSection
	GlobalSection(NestedProjects) = preSolution
		{5C7BB46F-B134-4FAA-9F1C-E0EAF9D5EC42} = {3A41A872-CFDE-404D-848B-7CD5867D0DDD}
		{FB428F42-01D6-42D8-977D-0274D43BC839} = {3A41A872-CFDE-404D-848B-7CD5867D0DDD}
		{DED4093F-61B5-4754-9CBB-4B4472178972} = {3A41A872-CFDE-404D-848B-7CD5867D0DDD}
		{FB29CE20-8C3D-463D-9E86-3EE482348029} = {3A41A872-CFDE-404D-848B-7CD5867D0DDD}
		{94EF70DC-1E99-4C0A-A395-A26C403FF92D} = {3A41A872-CFDE-404D-848B-7CD5867D0DDD}
		{A94B6D15-4219-43A5-87B6-AFB8FCBADF14} = {3D26CB08-2F83-45A4-ABA8-334AA6DCED1A}
		{0EA03A2B-E1CB-4381-B97F-AB602EC3633C} = {3D26CB08-2F83-45A4-ABA8-334AA6DCED1A}
		{596B5972-15A1-436E-A72E-8F4A91D756D8} = {3A41A872-CFDE-404D-848B-7CD5867D0DDD}
	EndGlobalSection
	GlobalSection(ExtensibilityGlobals) = postSolution
		SolutionGuid = {D11C0DE4-0010-424B-A932-8785F50CB218}
	EndGlobalSection
EndGlobal
